
Microsoft Visual Studio Solution File, Format Version 12.00
# Visual Studio Version 17
VisualStudioVersion = 17.1.32319.34
MinimumVisualStudioVersion = 10.0.40219.1
Project("{9A19103F-16F7-4668-BE54-9A1E7A4F7556}") = "Techno-store-back.Web", "Techno-store-back\Techno-store-back.Web.csproj", "{AD6579B7-1BF7-4EA9-BF09-B81AD0C49E87}"
EndProject
Project("{9A19103F-16F7-4668-BE54-9A1E7A4F7556}") = "Techno-store-back.DAL", "Techno-store-back.DataAccessLayer\Techno-store-back.DAL.csproj", "{3CE05544-76BC-425B-8B07-6BFA457C25B2}"
EndProject
Project("{9A19103F-16F7-4668-BE54-9A1E7A4F7556}") = "Techno-store-back.BL", "Techno-store-back.BusinessLayer\Techno-store-back.BL.csproj", "{E65E4729-8CBB-419A-BF24-121337D52BF3}"
EndProject
Project("{9A19103F-16F7-4668-BE54-9A1E7A4F7556}") = "Techno-store-back.Configuration", "Techno-store-back.GeneralConfiguration\Techno-store-back.Configuration.csproj", "{A47FE91E-25DB-4663-B341-E855E36DB5F7}"
EndProject
Global
	GlobalSection(SolutionConfigurationPlatforms) = preSolution
		Debug|Any CPU = Debug|Any CPU
		Release|Any CPU = Release|Any CPU
	EndGlobalSection
	GlobalSection(ProjectConfigurationPlatforms) = postSolution
		{AD6579B7-1BF7-4EA9-BF09-B81AD0C49E87}.Debug|Any CPU.ActiveCfg = Debug|Any CPU
		{AD6579B7-1BF7-4EA9-BF09-B81AD0C49E87}.Debug|Any CPU.Build.0 = Debug|Any CPU
		{AD6579B7-1BF7-4EA9-BF09-B81AD0C49E87}.Release|Any CPU.ActiveCfg = Release|Any CPU
		{AD6579B7-1BF7-4EA9-BF09-B81AD0C49E87}.Release|Any CPU.Build.0 = Release|Any CPU
		{3CE05544-76BC-425B-8B07-6BFA457C25B2}.Debug|Any CPU.ActiveCfg = Debug|Any CPU
		{3CE05544-76BC-425B-8B07-6BFA457C25B2}.Debug|Any CPU.Build.0 = Debug|Any CPU
		{3CE05544-76BC-425B-8B07-6BFA457C25B2}.Release|Any CPU.ActiveCfg = Release|Any CPU
		{3CE05544-76BC-425B-8B07-6BFA457C25B2}.Release|Any CPU.Build.0 = Release|Any CPU
		{E65E4729-8CBB-419A-BF24-121337D52BF3}.Debug|Any CPU.ActiveCfg = Debug|Any CPU
		{E65E4729-8CBB-419A-BF24-121337D52BF3}.Debug|Any CPU.Build.0 = Debug|Any CPU
		{E65E4729-8CBB-419A-BF24-121337D52BF3}.Release|Any CPU.ActiveCfg = Release|Any CPU
		{E65E4729-8CBB-419A-BF24-121337D52BF3}.Release|Any CPU.Build.0 = Release|Any CPU
		{A47FE91E-25DB-4663-B341-E855E36DB5F7}.Debug|Any CPU.ActiveCfg = Debug|Any CPU
		{A47FE91E-25DB-4663-B341-E855E36DB5F7}.Debug|Any CPU.Build.0 = Debug|Any CPU
		{A47FE91E-25DB-4663-B341-E855E36DB5F7}.Release|Any CPU.ActiveCfg = Release|Any CPU
		{A47FE91E-25DB-4663-B341-E855E36DB5F7}.Release|Any CPU.Build.0 = Release|Any CPU
	EndGlobalSection
	GlobalSection(SolutionProperties) = preSolution
		HideSolutionNode = FALSE
	EndGlobalSection
	GlobalSection(ExtensibilityGlobals) = postSolution
		SolutionGuid = {60BDE83C-6CBA-4A45-A6DF-EE70B401B9B7}
	EndGlobalSection
EndGlobal
